
Microsoft Visual Studio Solution File, Format Version 12.00
# Visual Studio Version 17
VisualStudioVersion = 17.9.34723.18
MinimumVisualStudioVersion = 10.0.40219.1
Project("{9A19103F-16F7-4668-BE54-9A1E7A4F7556}") = "ADMIN", "ADMIN.csproj", "{BB722A55-21FF-4EC3-BEA2-5C916BF1A42C}"
EndProject
Global
	GlobalSection(SolutionConfigurationPlatforms) = preSolution
		Debug|Any CPU = Debug|Any CPU
		Release|Any CPU = Release|Any CPU
	EndGlobalSection
	GlobalSection(ProjectConfigurationPlatforms) = postSolution
		{BB722A55-21FF-4EC3-BEA2-5C916BF1A42C}.Debug|Any CPU.ActiveCfg = Debug|Any CPU
		{BB722A55-21FF-4EC3-BEA2-5C916BF1A42C}.Debug|Any CPU.Build.0 = Debug|Any CPU
		{BB722A55-21FF-4EC3-BEA2-5C916BF1A42C}.Release|Any CPU.ActiveCfg = Release|Any CPU
		{BB722A55-21FF-4EC3-BEA2-5C916BF1A42C}.Release|Any CPU.Build.0 = Release|Any CPU
	EndGlobalSection
	GlobalSection(SolutionProperties) = preSolution
		HideSolutionNode = FALSE
	EndGlobalSection
	GlobalSection(ExtensibilityGlobals) = postSolution
		SolutionGuid = {7AD90BFD-D0D9-4102-A7DA-F0933053A023}
	EndGlobalSection
EndGlobal
